// !$*UTF8*$!
{
	archiveVersion = 1;
	classes = {
	};
	objectVersion = 51;
	objects = {

/* Begin PBXBuildFile section */
		92D095F4E8FAABE9C44F609E /* Pods_MoodMedia.framework in Frameworks */ = {isa = PBXBuildFile; fileRef = D38E7173BF0A358140F46615 /* Pods_MoodMedia.framework */; };
		F93C483A22F7E2BB0090CCFA /* AppDelegate.swift in Sources */ = {isa = PBXBuildFile; fileRef = F93C483922F7E2BB0090CCFA /* AppDelegate.swift */; };
		F93C483C22F7E2BB0090CCFA /* ViewController.swift in Sources */ = {isa = PBXBuildFile; fileRef = F93C483B22F7E2BB0090CCFA /* ViewController.swift */; };
		F93C483F22F7E2BB0090CCFA /* Main.storyboard in Resources */ = {isa = PBXBuildFile; fileRef = F93C483D22F7E2BB0090CCFA /* Main.storyboard */; };
		F93C484122F7E2BD0090CCFA /* Assets.xcassets in Resources */ = {isa = PBXBuildFile; fileRef = F93C484022F7E2BD0090CCFA /* Assets.xcassets */; };
		F93C484422F7E2BD0090CCFA /* LaunchScreen.storyboard in Resources */ = {isa = PBXBuildFile; fileRef = F93C484222F7E2BD0090CCFA /* LaunchScreen.storyboard */; };
		F93C484C22F7E4090090CCFA /* WeatherVC.swift in Sources */ = {isa = PBXBuildFile; fileRef = F93C484B22F7E4090090CCFA /* WeatherVC.swift */; };
		F93C484E22F7E4BF0090CCFA /* current.swift in Sources */ = {isa = PBXBuildFile; fileRef = F93C484D22F7E4BF0090CCFA /* current.swift */; };
		F93C485022F7E8790090CCFA /* AppNavigationController.swift in Sources */ = {isa = PBXBuildFile; fileRef = F93C484F22F7E8790090CCFA /* AppNavigationController.swift */; };
		F93C485222F7E8870090CCFA /* SearchVC.swift in Sources */ = {isa = PBXBuildFile; fileRef = F93C485122F7E8870090CCFA /* SearchVC.swift */; };
		F93C485722F7E8F30090CCFA /* Album.swift in Sources */ = {isa = PBXBuildFile; fileRef = F93C485422F7E8F30090CCFA /* Album.swift */; };
		F93C485822F7E8F30090CCFA /* Media.swift in Sources */ = {isa = PBXBuildFile; fileRef = F93C485522F7E8F30090CCFA /* Media.swift */; };
		F93C485922F7E8F30090CCFA /* SearchNode.swift in Sources */ = {isa = PBXBuildFile; fileRef = F93C485622F7E8F30090CCFA /* SearchNode.swift */; };
		F93C485D22F7EA6A0090CCFA /* MyTableViewCell.swift in Sources */ = {isa = PBXBuildFile; fileRef = F93C485C22F7EA6A0090CCFA /* MyTableViewCell.swift */; };
		F93C486222F7EAB30090CCFA /* Media+URL.swift in Sources */ = {isa = PBXBuildFile; fileRef = F93C485F22F7EAB30090CCFA /* Media+URL.swift */; };
		F93C486322F7EAB30090CCFA /* UIView+.swift in Sources */ = {isa = PBXBuildFile; fileRef = F93C486022F7EAB30090CCFA /* UIView+.swift */; };
		F93C486422F7EAB30090CCFA /* URL+Extensions.swift in Sources */ = {isa = PBXBuildFile; fileRef = F93C486122F7EAB30090CCFA /* URL+Extensions.swift */; };
		F93C486622F7EDB90090CCFA /* SearchInteractor.swift in Sources */ = {isa = PBXBuildFile; fileRef = F93C486522F7EDB90090CCFA /* SearchInteractor.swift */; };
		F93C486822F7EE240090CCFA /* SearchWorker.swift in Sources */ = {isa = PBXBuildFile; fileRef = F93C486722F7EE240090CCFA /* SearchWorker.swift */; };
		F93C486C22F808F90090CCFA /* ApiClient.swift in Sources */ = {isa = PBXBuildFile; fileRef = F93C486B22F808F90090CCFA /* ApiClient.swift */; };
		F93C486E22F810000090CCFA /* DetailVC.swift in Sources */ = {isa = PBXBuildFile; fileRef = F93C486D22F810000090CCFA /* DetailVC.swift */; };
		F93C487022F812570090CCFA /* DetailsInteractor.swift in Sources */ = {isa = PBXBuildFile; fileRef = F93C486F22F812570090CCFA /* DetailsInteractor.swift */; };
		F93C487222F8132C0090CCFA /* DetailsWorker.swift in Sources */ = {isa = PBXBuildFile; fileRef = F93C487122F8132B0090CCFA /* DetailsWorker.swift */; };
		F9F5A44322FAD27700998EE4 /* UIColor+.swift in Sources */ = {isa = PBXBuildFile; fileRef = F9F5A44222FAD27700998EE4 /* UIColor+.swift */; };
/* End PBXBuildFile section */

/* Begin PBXFileReference section */
		7605FF1AE5F01D11FEA150E7 /* Pods-MoodMedia.release.xcconfig */ = {isa = PBXFileReference; includeInIndex = 1; lastKnownFileType = text.xcconfig; name = "Pods-MoodMedia.release.xcconfig"; path = "Target Support Files/Pods-MoodMedia/Pods-MoodMedia.release.xcconfig"; sourceTree = "<group>"; };
		D38E7173BF0A358140F46615 /* Pods_MoodMedia.framework */ = {isa = PBXFileReference; explicitFileType = wrapper.framework; includeInIndex = 0; path = Pods_MoodMedia.framework; sourceTree = BUILT_PRODUCTS_DIR; };
		D5DDEA2E6562A3E0A55463A0 /* Pods-MoodMedia.debug.xcconfig */ = {isa = PBXFileReference; includeInIndex = 1; lastKnownFileType = text.xcconfig; name = "Pods-MoodMedia.debug.xcconfig"; path = "Target Support Files/Pods-MoodMedia/Pods-MoodMedia.debug.xcconfig"; sourceTree = "<group>"; };
		F93C483622F7E2BB0090CCFA /* MoodMedia.app */ = {isa = PBXFileReference; explicitFileType = wrapper.application; includeInIndex = 0; path = MoodMedia.app; sourceTree = BUILT_PRODUCTS_DIR; };
		F93C483922F7E2BB0090CCFA /* AppDelegate.swift */ = {isa = PBXFileReference; lastKnownFileType = sourcecode.swift; path = AppDelegate.swift; sourceTree = "<group>"; };
		F93C483B22F7E2BB0090CCFA /* ViewController.swift */ = {isa = PBXFileReference; lastKnownFileType = sourcecode.swift; path = ViewController.swift; sourceTree = "<group>"; };
		F93C483E22F7E2BB0090CCFA /* Base */ = {isa = PBXFileReference; lastKnownFileType = file.storyboard; name = Base; path = Base.lproj/Main.storyboard; sourceTree = "<group>"; };
		F93C484022F7E2BD0090CCFA /* Assets.xcassets */ = {isa = PBXFileReference; lastKnownFileType = folder.assetcatalog; path = Assets.xcassets; sourceTree = "<group>"; };
		F93C484322F7E2BD0090CCFA /* Base */ = {isa = PBXFileReference; lastKnownFileType = file.storyboard; name = Base; path = Base.lproj/LaunchScreen.storyboard; sourceTree = "<group>"; };
		F93C484522F7E2BD0090CCFA /* Info.plist */ = {isa = PBXFileReference; lastKnownFileType = text.plist.xml; path = Info.plist; sourceTree = "<group>"; };
		F93C484B22F7E4090090CCFA /* WeatherVC.swift */ = {isa = PBXFileReference; fileEncoding = 4; lastKnownFileType = sourcecode.swift; path = WeatherVC.swift; sourceTree = "<group>"; };
		F93C484D22F7E4BF0090CCFA /* current.swift */ = {isa = PBXFileReference; fileEncoding = 4; lastKnownFileType = sourcecode.swift; path = current.swift; sourceTree = "<group>"; };
		F93C484F22F7E8790090CCFA /* AppNavigationController.swift */ = {isa = PBXFileReference; fileEncoding = 4; lastKnownFileType = sourcecode.swift; path = AppNavigationController.swift; sourceTree = "<group>"; };
		F93C485122F7E8870090CCFA /* SearchVC.swift */ = {isa = PBXFileReference; fileEncoding = 4; lastKnownFileType = sourcecode.swift; path = SearchVC.swift; sourceTree = "<group>"; };
		F93C485422F7E8F30090CCFA /* Album.swift */ = {isa = PBXFileReference; fileEncoding = 4; lastKnownFileType = sourcecode.swift; path = Album.swift; sourceTree = "<group>"; };
		F93C485522F7E8F30090CCFA /* Media.swift */ = {isa = PBXFileReference; fileEncoding = 4; lastKnownFileType = sourcecode.swift; path = Media.swift; sourceTree = "<group>"; };
		F93C485622F7E8F30090CCFA /* SearchNode.swift */ = {isa = PBXFileReference; fileEncoding = 4; lastKnownFileType = sourcecode.swift; path = SearchNode.swift; sourceTree = "<group>"; };
		F93C485C22F7EA6A0090CCFA /* MyTableViewCell.swift */ = {isa = PBXFileReference; fileEncoding = 4; lastKnownFileType = sourcecode.swift; path = MyTableViewCell.swift; sourceTree = "<group>"; };
		F93C485F22F7EAB30090CCFA /* Media+URL.swift */ = {isa = PBXFileReference; fileEncoding = 4; lastKnownFileType = sourcecode.swift; path = "Media+URL.swift"; sourceTree = "<group>"; };
		F93C486022F7EAB30090CCFA /* UIView+.swift */ = {isa = PBXFileReference; fileEncoding = 4; lastKnownFileType = sourcecode.swift; path = "UIView+.swift"; sourceTree = "<group>"; };
		F93C486122F7EAB30090CCFA /* URL+Extensions.swift */ = {isa = PBXFileReference; fileEncoding = 4; lastKnownFileType = sourcecode.swift; path = "URL+Extensions.swift"; sourceTree = "<group>"; };
		F93C486522F7EDB90090CCFA /* SearchInteractor.swift */ = {isa = PBXFileReference; fileEncoding = 4; lastKnownFileType = sourcecode.swift; path = SearchInteractor.swift; sourceTree = "<group>"; };
		F93C486722F7EE240090CCFA /* SearchWorker.swift */ = {isa = PBXFileReference; fileEncoding = 4; lastKnownFileType = sourcecode.swift; path = SearchWorker.swift; sourceTree = "<group>"; };
		F93C486B22F808F90090CCFA /* ApiClient.swift */ = {isa = PBXFileReference; fileEncoding = 4; lastKnownFileType = sourcecode.swift; path = ApiClient.swift; sourceTree = "<group>"; };
		F93C486D22F810000090CCFA /* DetailVC.swift */ = {isa = PBXFileReference; fileEncoding = 4; lastKnownFileType = sourcecode.swift; path = DetailVC.swift; sourceTree = "<group>"; };
		F93C486F22F812570090CCFA /* DetailsInteractor.swift */ = {isa = PBXFileReference; fileEncoding = 4; lastKnownFileType = sourcecode.swift; path = DetailsInteractor.swift; sourceTree = "<group>"; };
		F93C487122F8132B0090CCFA /* DetailsWorker.swift */ = {isa = PBXFileReference; fileEncoding = 4; lastKnownFileType = sourcecode.swift; path = DetailsWorker.swift; sourceTree = "<group>"; };
		F9F5A44222FAD27700998EE4 /* UIColor+.swift */ = {isa = PBXFileReference; lastKnownFileType = sourcecode.swift; path = "UIColor+.swift"; sourceTree = "<group>"; };
/* End PBXFileReference section */

/* Begin PBXFrameworksBuildPhase section */
		F93C483322F7E2BB0090CCFA /* Frameworks */ = {
			isa = PBXFrameworksBuildPhase;
			buildActionMask = 2147483647;
			files = (
				92D095F4E8FAABE9C44F609E /* Pods_MoodMedia.framework in Frameworks */,
			);
			runOnlyForDeploymentPostprocessing = 0;
		};
/* End PBXFrameworksBuildPhase section */

/* Begin PBXGroup section */
		B60C720AADED110042417FC7 /* Pods */ = {
			isa = PBXGroup;
			children = (
				D5DDEA2E6562A3E0A55463A0 /* Pods-MoodMedia.debug.xcconfig */,
				7605FF1AE5F01D11FEA150E7 /* Pods-MoodMedia.release.xcconfig */,
			);
			path = Pods;
			sourceTree = "<group>";
		};
		C2D5E2A8846B1E63CDEE4C01 /* Frameworks */ = {
			isa = PBXGroup;
			children = (
				D38E7173BF0A358140F46615 /* Pods_MoodMedia.framework */,
			);
			name = Frameworks;
			sourceTree = "<group>";
		};
		F93C482D22F7E2BB0090CCFA = {
			isa = PBXGroup;
			children = (
				F93C483822F7E2BB0090CCFA /* MoodMedia */,
				F93C483722F7E2BB0090CCFA /* Products */,
				B60C720AADED110042417FC7 /* Pods */,
				C2D5E2A8846B1E63CDEE4C01 /* Frameworks */,
			);
			sourceTree = "<group>";
		};
		F93C483722F7E2BB0090CCFA /* Products */ = {
			isa = PBXGroup;
			children = (
				F93C483622F7E2BB0090CCFA /* MoodMedia.app */,
			);
			name = Products;
			sourceTree = "<group>";
		};
		F93C483822F7E2BB0090CCFA /* MoodMedia */ = {
			isa = PBXGroup;
			children = (
				F93C486B22F808F90090CCFA /* ApiClient.swift */,
				F93C485E22F7EAB30090CCFA /* Helpers */,
				F93C485322F7E8F30090CCFA /* Models */,
				F93C483922F7E2BB0090CCFA /* AppDelegate.swift */,
				F93C486522F7EDB90090CCFA /* SearchInteractor.swift */,
				F93C486722F7EE240090CCFA /* SearchWorker.swift */,
				F93C485C22F7EA6A0090CCFA /* MyTableViewCell.swift */,
				F93C487122F8132B0090CCFA /* DetailsWorker.swift */,
				F93C486D22F810000090CCFA /* DetailVC.swift */,
				F93C484D22F7E4BF0090CCFA /* current.swift */,
				F93C484B22F7E4090090CCFA /* WeatherVC.swift */,
				F93C486F22F812570090CCFA /* DetailsInteractor.swift */,
				F93C483B22F7E2BB0090CCFA /* ViewController.swift */,
				F93C483D22F7E2BB0090CCFA /* Main.storyboard */,
				F93C484022F7E2BD0090CCFA /* Assets.xcassets */,
				F93C484222F7E2BD0090CCFA /* LaunchScreen.storyboard */,
				F93C484F22F7E8790090CCFA /* AppNavigationController.swift */,
				F93C485122F7E8870090CCFA /* SearchVC.swift */,
				F93C484522F7E2BD0090CCFA /* Info.plist */,
			);
			path = MoodMedia;
			sourceTree = "<group>";
		};
		F93C485322F7E8F30090CCFA /* Models */ = {
			isa = PBXGroup;
			children = (
				F93C485422F7E8F30090CCFA /* Album.swift */,
				F93C485522F7E8F30090CCFA /* Media.swift */,
				F93C485622F7E8F30090CCFA /* SearchNode.swift */,
			);
			path = Models;
			sourceTree = "<group>";
		};
		F93C485E22F7EAB30090CCFA /* Helpers */ = {
			isa = PBXGroup;
			children = (
				F93C485F22F7EAB30090CCFA /* Media+URL.swift */,
				F9F5A44222FAD27700998EE4 /* UIColor+.swift */,
				F93C486022F7EAB30090CCFA /* UIView+.swift */,
				F93C486122F7EAB30090CCFA /* URL+Extensions.swift */,
			);
			path = Helpers;
			sourceTree = "<group>";
		};
/* End PBXGroup section */

/* Begin PBXNativeTarget section */
		F93C483522F7E2BB0090CCFA /* MoodMedia */ = {
			isa = PBXNativeTarget;
			buildConfigurationList = F93C484822F7E2BD0090CCFA /* Build configuration list for PBXNativeTarget "MoodMedia" */;
			buildPhases = (
				83BC8551219568D51C0F3B02 /* [CP] Check Pods Manifest.lock */,
				F93C483222F7E2BB0090CCFA /* Sources */,
				F93C483322F7E2BB0090CCFA /* Frameworks */,
				F93C483422F7E2BB0090CCFA /* Resources */,
				F5DC4B33B6C02C6BDAA47D42 /* [CP] Embed Pods Frameworks */,
			);
			buildRules = (
			);
			dependencies = (
			);
			name = MoodMedia;
			productName = MoodMedia;
			productReference = F93C483622F7E2BB0090CCFA /* MoodMedia.app */;
			productType = "com.apple.product-type.application";
		};
/* End PBXNativeTarget section */

/* Begin PBXProject section */
		F93C482E22F7E2BB0090CCFA /* Project object */ = {
			isa = PBXProject;
			attributes = {
				LastSwiftUpdateCheck = 1030;
				LastUpgradeCheck = 1030;
				ORGANIZATIONNAME = DKY;
				TargetAttributes = {
					F93C483522F7E2BB0090CCFA = {
						CreatedOnToolsVersion = 10.3;
					};
				};
			};
			buildConfigurationList = F93C483122F7E2BB0090CCFA /* Build configuration list for PBXProject "MoodMedia" */;
			compatibilityVersion = "Xcode 9.3";
			developmentRegion = en;
			hasScannedForEncodings = 0;
			knownRegions = (
				en,
				Base,
			);
			mainGroup = F93C482D22F7E2BB0090CCFA;
			productRefGroup = F93C483722F7E2BB0090CCFA /* Products */;
			projectDirPath = "";
			projectRoot = "";
			targets = (
				F93C483522F7E2BB0090CCFA /* MoodMedia */,
			);
		};
/* End PBXProject section */

/* Begin PBXResourcesBuildPhase section */
		F93C483422F7E2BB0090CCFA /* Resources */ = {
			isa = PBXResourcesBuildPhase;
			buildActionMask = 2147483647;
			files = (
				F93C484422F7E2BD0090CCFA /* LaunchScreen.storyboard in Resources */,
				F93C484122F7E2BD0090CCFA /* Assets.xcassets in Resources */,
				F93C483F22F7E2BB0090CCFA /* Main.storyboard in Resources */,
			);
			runOnlyForDeploymentPostprocessing = 0;
		};
/* End PBXResourcesBuildPhase section */

/* Begin PBXShellScriptBuildPhase section */
		83BC8551219568D51C0F3B02 /* [CP] Check Pods Manifest.lock */ = {
			isa = PBXShellScriptBuildPhase;
			buildActionMask = 2147483647;
			files = (
			);
			inputFileListPaths = (
			);
			inputPaths = (
				"${PODS_PODFILE_DIR_PATH}/Podfile.lock",
				"${PODS_ROOT}/Manifest.lock",
			);
			name = "[CP] Check Pods Manifest.lock";
			outputFileListPaths = (
			);
			outputPaths = (
				"$(DERIVED_FILE_DIR)/Pods-MoodMedia-checkManifestLockResult.txt",
			);
			runOnlyForDeploymentPostprocessing = 0;
			shellPath = /bin/sh;
			shellScript = "diff \"${PODS_PODFILE_DIR_PATH}/Podfile.lock\" \"${PODS_ROOT}/Manifest.lock\" > /dev/null\nif [ $? != 0 ] ; then\n    # print error to STDERR\n    echo \"error: The sandbox is not in sync with the Podfile.lock. Run 'pod install' or update your CocoaPods installation.\" >&2\n    exit 1\nfi\n# This output is used by Xcode 'outputs' to avoid re-running this script phase.\necho \"SUCCESS\" > \"${SCRIPT_OUTPUT_FILE_0}\"\n";
			showEnvVarsInLog = 0;
		};
		F5DC4B33B6C02C6BDAA47D42 /* [CP] Embed Pods Frameworks */ = {
			isa = PBXShellScriptBuildPhase;
			buildActionMask = 2147483647;
			files = (
			);
			inputFileListPaths = (
				"${PODS_ROOT}/Target Support Files/Pods-MoodMedia/Pods-MoodMedia-frameworks-${CONFIGURATION}-input-files.xcfilelist",
			);
			name = "[CP] Embed Pods Frameworks";
			outputFileListPaths = (
				"${PODS_ROOT}/Target Support Files/Pods-MoodMedia/Pods-MoodMedia-frameworks-${CONFIGURATION}-output-files.xcfilelist",
			);
			runOnlyForDeploymentPostprocessing = 0;
			shellPath = /bin/sh;
			shellScript = "\"${PODS_ROOT}/Target Support Files/Pods-MoodMedia/Pods-MoodMedia-frameworks.sh\"\n";
			showEnvVarsInLog = 0;
		};
/* End PBXShellScriptBuildPhase section */

/* Begin PBXSourcesBuildPhase section */
		F93C483222F7E2BB0090CCFA /* Sources */ = {
			isa = PBXSourcesBuildPhase;
			buildActionMask = 2147483647;
			files = (
				F93C486322F7EAB30090CCFA /* UIView+.swift in Sources */,
				F93C485222F7E8870090CCFA /* SearchVC.swift in Sources */,
				F93C483C22F7E2BB0090CCFA /* ViewController.swift in Sources */,
				F93C486222F7EAB30090CCFA /* Media+URL.swift in Sources */,
				F93C486C22F808F90090CCFA /* ApiClient.swift in Sources */,
				F93C486E22F810000090CCFA /* DetailVC.swift in Sources */,
				F93C487022F812570090CCFA /* DetailsInteractor.swift in Sources */,
				F93C486422F7EAB30090CCFA /* URL+Extensions.swift in Sources */,
				F93C484C22F7E4090090CCFA /* WeatherVC.swift in Sources */,
				F9F5A44322FAD27700998EE4 /* UIColor+.swift in Sources */,
				F93C486622F7EDB90090CCFA /* SearchInteractor.swift in Sources */,
				F93C485D22F7EA6A0090CCFA /* MyTableViewCell.swift in Sources */,
				F93C485922F7E8F30090CCFA /* SearchNode.swift in Sources */,
				F93C483A22F7E2BB0090CCFA /* AppDelegate.swift in Sources */,
				F93C484E22F7E4BF0090CCFA /* current.swift in Sources */,
				F93C487222F8132C0090CCFA /* DetailsWorker.swift in Sources */,
				F93C486822F7EE240090CCFA /* SearchWorker.swift in Sources */,
				F93C485722F7E8F30090CCFA /* Album.swift in Sources */,
				F93C485822F7E8F30090CCFA /* Media.swift in Sources */,
				F93C485022F7E8790090CCFA /* AppNavigationController.swift in Sources */,
			);
			runOnlyForDeploymentPostprocessing = 0;
		};
/* End PBXSourcesBuildPhase section */

/* Begin PBXVariantGroup section */
		F93C483D22F7E2BB0090CCFA /* Main.storyboard */ = {
			isa = PBXVariantGroup;
			children = (
				F93C483E22F7E2BB0090CCFA /* Base */,
			);
			name = Main.storyboard;
			sourceTree = "<group>";
		};
		F93C484222F7E2BD0090CCFA /* LaunchScreen.storyboard */ = {
			isa = PBXVariantGroup;
			children = (
				F93C484322F7E2BD0090CCFA /* Base */,
			);
			name = LaunchScreen.storyboard;
			sourceTree = "<group>";
		};
/* End PBXVariantGroup section */

/* Begin XCBuildConfiguration section */
		F93C484622F7E2BD0090CCFA /* Debug */ = {
			isa = XCBuildConfiguration;
			buildSettings = {
				ALWAYS_SEARCH_USER_PATHS = NO;
				CLANG_ANALYZER_NONNULL = YES;
				CLANG_ANALYZER_NUMBER_OBJECT_CONVERSION = YES_AGGRESSIVE;
				CLANG_CXX_LANGUAGE_STANDARD = "gnu++14";
				CLANG_CXX_LIBRARY = "libc++";
				CLANG_ENABLE_MODULES = YES;
				CLANG_ENABLE_OBJC_ARC = YES;
				CLANG_ENABLE_OBJC_WEAK = YES;
				CLANG_WARN_BLOCK_CAPTURE_AUTORELEASING = YES;
				CLANG_WARN_BOOL_CONVERSION = YES;
				CLANG_WARN_COMMA = YES;
				CLANG_WARN_CONSTANT_CONVERSION = YES;
				CLANG_WARN_DEPRECATED_OBJC_IMPLEMENTATIONS = YES;
				CLANG_WARN_DIRECT_OBJC_ISA_USAGE = YES_ERROR;
				CLANG_WARN_DOCUMENTATION_COMMENTS = YES;
				CLANG_WARN_EMPTY_BODY = YES;
				CLANG_WARN_ENUM_CONVERSION = YES;
				CLANG_WARN_INFINITE_RECURSION = YES;
				CLANG_WARN_INT_CONVERSION = YES;
				CLANG_WARN_NON_LITERAL_NULL_CONVERSION = YES;
				CLANG_WARN_OBJC_IMPLICIT_RETAIN_SELF = YES;
				CLANG_WARN_OBJC_LITERAL_CONVERSION = YES;
				CLANG_WARN_OBJC_ROOT_CLASS = YES_ERROR;
				CLANG_WARN_RANGE_LOOP_ANALYSIS = YES;
				CLANG_WARN_STRICT_PROTOTYPES = YES;
				CLANG_WARN_SUSPICIOUS_MOVE = YES;
				CLANG_WARN_UNGUARDED_AVAILABILITY = YES_AGGRESSIVE;
				CLANG_WARN_UNREACHABLE_CODE = YES;
				CLANG_WARN__DUPLICATE_METHOD_MATCH = YES;
				CODE_SIGN_IDENTITY = "iPhone Developer";
				COPY_PHASE_STRIP = NO;
				DEBUG_INFORMATION_FORMAT = dwarf;
				ENABLE_STRICT_OBJC_MSGSEND = YES;
				ENABLE_TESTABILITY = YES;
				GCC_C_LANGUAGE_STANDARD = gnu11;
				GCC_DYNAMIC_NO_PIC = NO;
				GCC_NO_COMMON_BLOCKS = YES;
				GCC_OPTIMIZATION_LEVEL = 0;
				GCC_PREPROCESSOR_DEFINITIONS = (
					"DEBUG=1",
					"$(inherited)",
				);
				GCC_WARN_64_TO_32_BIT_CONVERSION = YES;
				GCC_WARN_ABOUT_RETURN_TYPE = YES_ERROR;
				GCC_WARN_UNDECLARED_SELECTOR = YES;
				GCC_WARN_UNINITIALIZED_AUTOS = YES_AGGRESSIVE;
				GCC_WARN_UNUSED_FUNCTION = YES;
				GCC_WARN_UNUSED_VARIABLE = YES;
				IPHONEOS_DEPLOYMENT_TARGET = 9.0;
				MTL_ENABLE_DEBUG_INFO = INCLUDE_SOURCE;
				MTL_FAST_MATH = YES;
				ONLY_ACTIVE_ARCH = YES;
				SDKROOT = iphoneos;
				SWIFT_ACTIVE_COMPILATION_CONDITIONS = DEBUG;
				SWIFT_OPTIMIZATION_LEVEL = "-Onone";
			};
			name = Debug;
		};
		F93C484722F7E2BD0090CCFA /* Release */ = {
			isa = XCBuildConfiguration;
			buildSettings = {
				ALWAYS_SEARCH_USER_PATHS = NO;
				CLANG_ANALYZER_NONNULL = YES;
				CLANG_ANALYZER_NUMBER_OBJECT_CONVERSION = YES_AGGRESSIVE;
				CLANG_CXX_LANGUAGE_STANDARD = "gnu++14";
				CLANG_CXX_LIBRARY = "libc++";
				CLANG_ENABLE_MODULES = YES;
				CLANG_ENABLE_OBJC_ARC = YES;
				CLANG_ENABLE_OBJC_WEAK = YES;
				CLANG_WARN_BLOCK_CAPTURE_AUTORELEASING = YES;
				CLANG_WARN_BOOL_CONVERSION = YES;
				CLANG_WARN_COMMA = YES;
				CLANG_WARN_CONSTANT_CONVERSION = YES;
				CLANG_WARN_DEPRECATED_OBJC_IMPLEMENTATIONS = YES;
				CLANG_WARN_DIRECT_OBJC_ISA_USAGE = YES_ERROR;
				CLANG_WARN_DOCUMENTATION_COMMENTS = YES;
				CLANG_WARN_EMPTY_BODY = YES;
				CLANG_WARN_ENUM_CONVERSION = YES;
				CLANG_WARN_INFINITE_RECURSION = YES;
				CLANG_WARN_INT_CONVERSION = YES;
				CLANG_WARN_NON_LITERAL_NULL_CONVERSION = YES;
				CLANG_WARN_OBJC_IMPLICIT_RETAIN_SELF = YES;
				CLANG_WARN_OBJC_LITERAL_CONVERSION = YES;
				CLANG_WARN_OBJC_ROOT_CLASS = YES_ERROR;
				CLANG_WARN_RANGE_LOOP_ANALYSIS = YES;
				CLANG_WARN_STRICT_PROTOTYPES = YES;
				CLANG_WARN_SUSPICIOUS_MOVE = YES;
				CLANG_WARN_UNGUARDED_AVAILABILITY = YES_AGGRESSIVE;
				CLANG_WARN_UNREACHABLE_CODE = YES;
				CLANG_WARN__DUPLICATE_METHOD_MATCH = YES;
				CODE_SIGN_IDENTITY = "iPhone Developer";
				COPY_PHASE_STRIP = NO;
				DEBUG_INFORMATION_FORMAT = "dwarf-with-dsym";
				ENABLE_NS_ASSERTIONS = NO;
				ENABLE_STRICT_OBJC_MSGSEND = YES;
				GCC_C_LANGUAGE_STANDARD = gnu11;
				GCC_NO_COMMON_BLOCKS = YES;
				GCC_WARN_64_TO_32_BIT_CONVERSION = YES;
				GCC_WARN_ABOUT_RETURN_TYPE = YES_ERROR;
				GCC_WARN_UNDECLARED_SELECTOR = YES;
				GCC_WARN_UNINITIALIZED_AUTOS = YES_AGGRESSIVE;
				GCC_WARN_UNUSED_FUNCTION = YES;
				GCC_WARN_UNUSED_VARIABLE = YES;
				IPHONEOS_DEPLOYMENT_TARGET = 9.0;
				MTL_ENABLE_DEBUG_INFO = NO;
				MTL_FAST_MATH = YES;
				SDKROOT = iphoneos;
				SWIFT_COMPILATION_MODE = wholemodule;
				SWIFT_OPTIMIZATION_LEVEL = "-O";
				VALIDATE_PRODUCT = YES;
			};
			name = Release;
		};
		F93C484922F7E2BD0090CCFA /* Debug */ = {
			isa = XCBuildConfiguration;
			baseConfigurationReference = D5DDEA2E6562A3E0A55463A0 /* Pods-MoodMedia.debug.xcconfig */;
			buildSettings = {
				ASSETCATALOG_COMPILER_APPICON_NAME = AppIcon;
				CODE_SIGN_STYLE = Manual;
				DEVELOPMENT_TEAM = QP9VZR24AL;
				INFOPLIST_FILE = MoodMedia/Info.plist;
				IPHONEOS_DEPLOYMENT_TARGET = 9.0;
				LD_RUNPATH_SEARCH_PATHS = (
					"$(inherited)",
					"@executable_path/Frameworks",
				);
				PRODUCT_BUNDLE_IDENTIFIER = com.TrollpoeMarvin.MoodMedia;
				PRODUCT_NAME = "$(TARGET_NAME)";
				PROVISIONING_PROFILE_SPECIFIER = "Wildcard-DEV";
				SWIFT_VERSION = 5.0;
				TARGETED_DEVICE_FAMILY = "1,2";
			};
			name = Debug;
		};
		F93C484A22F7E2BD0090CCFA /* Release */ = {
			isa = XCBuildConfiguration;
			baseConfigurationReference = 7605FF1AE5F01D11FEA150E7 /* Pods-MoodMedia.release.xcconfig */;
			buildSettings = {
				ASSETCATALOG_COMPILER_APPICON_NAME = AppIcon;
				CODE_SIGN_IDENTITY = "iPhone Distribution";
				CODE_SIGN_STYLE = Manual;
				DEVELOPMENT_TEAM = QP9VZR24AL;
				INFOPLIST_FILE = MoodMedia/Info.plist;
				IPHONEOS_DEPLOYMENT_TARGET = 9.0;
				LD_RUNPATH_SEARCH_PATHS = (
					"$(inherited)",
					"@executable_path/Frameworks",
				);
				PRODUCT_BUNDLE_IDENTIFIER = com.TrollpoeMarvin.MoodMedia;
				PRODUCT_NAME = "$(TARGET_NAME)";
				PROVISIONING_PROFILE_SPECIFIER = "Wildcard-ADH";
				SWIFT_VERSION = 5.0;
				TARGETED_DEVICE_FAMILY = "1,2";
			};
			name = Release;
		};
/* End XCBuildConfiguration section */

/* Begin XCConfigurationList section */
		F93C483122F7E2BB0090CCFA /* Build configuration list for PBXProject "MoodMedia" */ = {
			isa = XCConfigurationList;
			buildConfigurations = (
				F93C484622F7E2BD0090CCFA /* Debug */,
				F93C484722F7E2BD0090CCFA /* Release */,
			);
			defaultConfigurationIsVisible = 0;
			defaultConfigurationName = Release;
		};
		F93C484822F7E2BD0090CCFA /* Build configuration list for PBXNativeTarget "MoodMedia" */ = {
			isa = XCConfigurationList;
			buildConfigurations = (
				F93C484922F7E2BD0090CCFA /* Debug */,
				F93C484A22F7E2BD0090CCFA /* Release */,
			);
			defaultConfigurationIsVisible = 0;
			defaultConfigurationName = Release;
		};
/* End XCConfigurationList section */
	};
	rootObject = F93C482E22F7E2BB0090CCFA /* Project object */;
}
